
Microsoft Visual Studio Solution File, Format Version 12.00
# Visual Studio Version 17
VisualStudioVersion = 17.0.31903.59
MinimumVisualStudioVersion = 10.0.40219.1
Project("{2150E333-8FDC-42A3-9474-1A3956D46DE8}") = "src", "src", "{F678060E-4033-4327-AA74-5F1B5A12EB56}"
EndProject
Project("{2150E333-8FDC-42A3-9474-1A3956D46DE8}") = "test", "test", "{042022CA-7324-471A-A7E0-084321AD6FA6}"
EndProject
Project("{9A19103F-16F7-4668-BE54-9A1E7A4F7556}") = "oed-authz", "src\oed-authz\oed-authz.csproj", "{4C069D4E-E4EC-4D6E-AE29-4DCDD9412425}"
EndProject
Project("{9A19103F-16F7-4668-BE54-9A1E7A4F7556}") = "oed-authz.UnitTests", "test\oed-authz.UnitTests\oed-authz.UnitTests.csproj", "{7104D20E-EBD1-47CE-A14A-37B0DC6646F8}"
EndProject
Project("{2150E333-8FDC-42A3-9474-1A3956D46DE8}") = "Solution Items", "Solution Items", "{1BC1D6F3-E3EE-4F1D-A86F-C09A3CA5624D}"
	ProjectSection(SolutionItems) = preProject
		.gitignore = .gitignore
		LICENSE = LICENSE
		README.md = README.md
	EndProjectSection
EndProject
Project("{9A19103F-16F7-4668-BE54-9A1E7A4F7556}") = "oed-authz.IntegrationTests", "test\oed-authz.IntegrationTests\oed-authz.IntegrationTests.csproj", "{28094007-CA1A-4F36-B7A7-3ECFA345E077}"
EndProject
Global
	GlobalSection(SolutionConfigurationPlatforms) = preSolution
		Debug|Any CPU = Debug|Any CPU
		Release|Any CPU = Release|Any CPU
	EndGlobalSection
	GlobalSection(ProjectConfigurationPlatforms) = postSolution
		{4C069D4E-E4EC-4D6E-AE29-4DCDD9412425}.Debug|Any CPU.ActiveCfg = Debug|Any CPU
		{4C069D4E-E4EC-4D6E-AE29-4DCDD9412425}.Debug|Any CPU.Build.0 = Debug|Any CPU
		{4C069D4E-E4EC-4D6E-AE29-4DCDD9412425}.Release|Any CPU.ActiveCfg = Release|Any CPU
		{4C069D4E-E4EC-4D6E-AE29-4DCDD9412425}.Release|Any CPU.Build.0 = Release|Any CPU
		{7104D20E-EBD1-47CE-A14A-37B0DC6646F8}.Debug|Any CPU.ActiveCfg = Debug|Any CPU
		{7104D20E-EBD1-47CE-A14A-37B0DC6646F8}.Debug|Any CPU.Build.0 = Debug|Any CPU
		{7104D20E-EBD1-47CE-A14A-37B0DC6646F8}.Release|Any CPU.ActiveCfg = Release|Any CPU
		{7104D20E-EBD1-47CE-A14A-37B0DC6646F8}.Release|Any CPU.Build.0 = Release|Any CPU
		{28094007-CA1A-4F36-B7A7-3ECFA345E077}.Debug|Any CPU.ActiveCfg = Debug|Any CPU
		{28094007-CA1A-4F36-B7A7-3ECFA345E077}.Debug|Any CPU.Build.0 = Debug|Any CPU
		{28094007-CA1A-4F36-B7A7-3ECFA345E077}.Release|Any CPU.ActiveCfg = Release|Any CPU
		{28094007-CA1A-4F36-B7A7-3ECFA345E077}.Release|Any CPU.Build.0 = Release|Any CPU
	EndGlobalSection
	GlobalSection(SolutionProperties) = preSolution
		HideSolutionNode = FALSE
	EndGlobalSection
	GlobalSection(NestedProjects) = preSolution
		{4C069D4E-E4EC-4D6E-AE29-4DCDD9412425} = {F678060E-4033-4327-AA74-5F1B5A12EB56}
		{7104D20E-EBD1-47CE-A14A-37B0DC6646F8} = {042022CA-7324-471A-A7E0-084321AD6FA6}
		{28094007-CA1A-4F36-B7A7-3ECFA345E077} = {042022CA-7324-471A-A7E0-084321AD6FA6}
	EndGlobalSection
	GlobalSection(ExtensibilityGlobals) = postSolution
		SolutionGuid = {9551BFCB-9EF4-483D-A05B-ECA5972E5209}
	EndGlobalSection
EndGlobal
